
Microsoft Visual Studio Solution File, Format Version 12.00
# Visual Studio 2013
VisualStudioVersion = 12.0.21005.1
MinimumVisualStudioVersion = 10.0.40219.1
Project("{FAE04EC0-301F-11D3-BF4B-00C04F79EFBC}") = "Selectcomp.WEB", "Selectcomp.WEB\Selectcomp.WEB.csproj", "{8887A7B2-643B-4B0E-9BB1-8FF4C0406C52}"
EndProject
Project("{FAE04EC0-301F-11D3-BF4B-00C04F79EFBC}") = "Selectcomp.CORE", "Selectcomp.CORE\Selectcomp.CORE.csproj", "{C3D50066-F582-44DA-B338-CAC3200195A0}"
EndProject
Project("{FAE04EC0-301F-11D3-BF4B-00C04F79EFBC}") = "Selectcomp.DAL", "Selectcomp.DAL\Selectcomp.DAL.csproj", "{2CC2E90C-6746-4A75-B652-D0D103FF5C29}"
EndProject
Project("{FAE04EC0-301F-11D3-BF4B-00C04F79EFBC}") = "Selectcomp.APP", "Selectcomp.APP\Selectcomp.APP.csproj", "{D9DFC858-A863-4A68-99A5-047209FD9F45}"
EndProject
Global
	GlobalSection(SolutionConfigurationPlatforms) = preSolution
		Debug|Any CPU = Debug|Any CPU
		Release|Any CPU = Release|Any CPU
	EndGlobalSection
	GlobalSection(ProjectConfigurationPlatforms) = postSolution
		{8887A7B2-643B-4B0E-9BB1-8FF4C0406C52}.Debug|Any CPU.ActiveCfg = Debug|Any CPU
		{8887A7B2-643B-4B0E-9BB1-8FF4C0406C52}.Debug|Any CPU.Build.0 = Debug|Any CPU
		{8887A7B2-643B-4B0E-9BB1-8FF4C0406C52}.Release|Any CPU.ActiveCfg = Release|Any CPU
		{8887A7B2-643B-4B0E-9BB1-8FF4C0406C52}.Release|Any CPU.Build.0 = Release|Any CPU
		{C3D50066-F582-44DA-B338-CAC3200195A0}.Debug|Any CPU.ActiveCfg = Debug|Any CPU
		{C3D50066-F582-44DA-B338-CAC3200195A0}.Debug|Any CPU.Build.0 = Debug|Any CPU
		{C3D50066-F582-44DA-B338-CAC3200195A0}.Release|Any CPU.ActiveCfg = Release|Any CPU
		{C3D50066-F582-44DA-B338-CAC3200195A0}.Release|Any CPU.Build.0 = Release|Any CPU
		{2CC2E90C-6746-4A75-B652-D0D103FF5C29}.Debug|Any CPU.ActiveCfg = Debug|Any CPU
		{2CC2E90C-6746-4A75-B652-D0D103FF5C29}.Debug|Any CPU.Build.0 = Debug|Any CPU
		{2CC2E90C-6746-4A75-B652-D0D103FF5C29}.Release|Any CPU.ActiveCfg = Release|Any CPU
		{2CC2E90C-6746-4A75-B652-D0D103FF5C29}.Release|Any CPU.Build.0 = Release|Any CPU
		{D9DFC858-A863-4A68-99A5-047209FD9F45}.Debug|Any CPU.ActiveCfg = Debug|Any CPU
		{D9DFC858-A863-4A68-99A5-047209FD9F45}.Debug|Any CPU.Build.0 = Debug|Any CPU
		{D9DFC858-A863-4A68-99A5-047209FD9F45}.Release|Any CPU.ActiveCfg = Release|Any CPU
		{D9DFC858-A863-4A68-99A5-047209FD9F45}.Release|Any CPU.Build.0 = Release|Any CPU
	EndGlobalSection
	GlobalSection(SolutionProperties) = preSolution
		HideSolutionNode = FALSE
	EndGlobalSection
EndGlobal
